Microsoft Visual Studio Solution File, Format Version 12.00
# Visual Studio 14
Project("{8BC9CEB8-8B4A-11D0-8D11-00A0C91BC942}") = "ALL_BUILD", "ALL_BUILD.vcxproj", "{1984D261-BBEC-37AC-B4C7-3B870B8EC62E}"
	ProjectSection(ProjectDependencies) = postProject
		{2DAEA3F0-5D65-3D53-B1B8-FC10085DC6F8} = {2DAEA3F0-5D65-3D53-B1B8-FC10085DC6F8}
		{1436A2C7-0515-393C-AE9C-C6E425D580F9} = {1436A2C7-0515-393C-AE9C-C6E425D580F9}
		{CDE0A5C3-CF97-320E-A8BF-778BC90799AF} = {CDE0A5C3-CF97-320E-A8BF-778BC90799AF}
		{359DE48A-0BE2-3346-8E97-5A23CDFF6A6F} = {359DE48A-0BE2-3346-8E97-5A23CDFF6A6F}
		{FD132FC1-5616-3B35-B060-87993EBBAD41} = {FD132FC1-5616-3B35-B060-87993EBBAD41}
	EndProjectSection
EndProject
Project("{8BC9CEB8-8B4A-11D0-8D11-00A0C91BC942}") = "GLEW_190", "external\GLEW_190.vcxproj", "{2DAEA3F0-5D65-3D53-B1B8-FC10085DC6F8}"
	ProjectSection(ProjectDependencies) = postProject
		{CDE0A5C3-CF97-320E-A8BF-778BC90799AF} = {CDE0A5C3-CF97-320E-A8BF-778BC90799AF}
	EndProjectSection
EndProject
Project("{8BC9CEB8-8B4A-11D0-8D11-00A0C91BC942}") = "GLFW_303", "external\glfw-3.0.3\src\GLFW_303.vcxproj", "{1436A2C7-0515-393C-AE9C-C6E425D580F9}"
	ProjectSection(ProjectDependencies) = postProject
		{CDE0A5C3-CF97-320E-A8BF-778BC90799AF} = {CDE0A5C3-CF97-320E-A8BF-778BC90799AF}
	EndProjectSection
EndProject
Project("{8BC9CEB8-8B4A-11D0-8D11-00A0C91BC942}") = "ZERO_CHECK", "ZERO_CHECK.vcxproj", "{CDE0A5C3-CF97-320E-A8BF-778BC90799AF}"
	ProjectSection(ProjectDependencies) = postProject
	EndProjectSection
EndProject
Project("{8BC9CEB8-8B4A-11D0-8D11-00A0C91BC942}") = "rt2d", "rt2d.vcxproj", "{359DE48A-0BE2-3346-8E97-5A23CDFF6A6F}"
	ProjectSection(ProjectDependencies) = postProject
		{CDE0A5C3-CF97-320E-A8BF-778BC90799AF} = {CDE0A5C3-CF97-320E-A8BF-778BC90799AF}
	EndProjectSection
EndProject
Project("{8BC9CEB8-8B4A-11D0-8D11-00A0C91BC942}") = "start", "start.vcxproj", "{FD132FC1-5616-3B35-B060-87993EBBAD41}"
	ProjectSection(ProjectDependencies) = postProject
		{2DAEA3F0-5D65-3D53-B1B8-FC10085DC6F8} = {2DAEA3F0-5D65-3D53-B1B8-FC10085DC6F8}
		{1436A2C7-0515-393C-AE9C-C6E425D580F9} = {1436A2C7-0515-393C-AE9C-C6E425D580F9}
		{CDE0A5C3-CF97-320E-A8BF-778BC90799AF} = {CDE0A5C3-CF97-320E-A8BF-778BC90799AF}
		{359DE48A-0BE2-3346-8E97-5A23CDFF6A6F} = {359DE48A-0BE2-3346-8E97-5A23CDFF6A6F}
	EndProjectSection
EndProject
Global
	GlobalSection(SolutionConfigurationPlatforms) = preSolution
		Debug|Win32 = Debug|Win32
		Release|Win32 = Release|Win32
		MinSizeRel|Win32 = MinSizeRel|Win32
		RelWithDebInfo|Win32 = RelWithDebInfo|Win32
	EndGlobalSection
	GlobalSection(ProjectConfigurationPlatforms) = postSolution
		{1984D261-BBEC-37AC-B4C7-3B870B8EC62E}.Debug|Win32.ActiveCfg = Debug|Win32
		{1984D261-BBEC-37AC-B4C7-3B870B8EC62E}.Release|Win32.ActiveCfg = Release|Win32
		{1984D261-BBEC-37AC-B4C7-3B870B8EC62E}.MinSizeRel|Win32.ActiveCfg = MinSizeRel|Win32
		{1984D261-BBEC-37AC-B4C7-3B870B8EC62E}.RelWithDebInfo|Win32.ActiveCfg = RelWithDebInfo|Win32
		{2DAEA3F0-5D65-3D53-B1B8-FC10085DC6F8}.Debug|Win32.ActiveCfg = Debug|Win32
		{2DAEA3F0-5D65-3D53-B1B8-FC10085DC6F8}.Debug|Win32.Build.0 = Debug|Win32
		{2DAEA3F0-5D65-3D53-B1B8-FC10085DC6F8}.Release|Win32.ActiveCfg = Release|Win32
		{2DAEA3F0-5D65-3D53-B1B8-FC10085DC6F8}.Release|Win32.Build.0 = Release|Win32
		{2DAEA3F0-5D65-3D53-B1B8-FC10085DC6F8}.MinSizeRel|Win32.ActiveCfg = MinSizeRel|Win32
		{2DAEA3F0-5D65-3D53-B1B8-FC10085DC6F8}.MinSizeRel|Win32.Build.0 = MinSizeRel|Win32
		{2DAEA3F0-5D65-3D53-B1B8-FC10085DC6F8}.RelWithDebInfo|Win32.ActiveCfg = RelWithDebInfo|Win32
		{2DAEA3F0-5D65-3D53-B1B8-FC10085DC6F8}.RelWithDebInfo|Win32.Build.0 = RelWithDebInfo|Win32
		{1436A2C7-0515-393C-AE9C-C6E425D580F9}.Debug|Win32.ActiveCfg = Debug|Win32
		{1436A2C7-0515-393C-AE9C-C6E425D580F9}.Debug|Win32.Build.0 = Debug|Win32
		{1436A2C7-0515-393C-AE9C-C6E425D580F9}.Release|Win32.ActiveCfg = Release|Win32
		{1436A2C7-0515-393C-AE9C-C6E425D580F9}.Release|Win32.Build.0 = Release|Win32
		{1436A2C7-0515-393C-AE9C-C6E425D580F9}.MinSizeRel|Win32.ActiveCfg = MinSizeRel|Win32
		{1436A2C7-0515-393C-AE9C-C6E425D580F9}.MinSizeRel|Win32.Build.0 = MinSizeRel|Win32
		{1436A2C7-0515-393C-AE9C-C6E425D580F9}.RelWithDebInfo|Win32.ActiveCfg = RelWithDebInfo|Win32
		{1436A2C7-0515-393C-AE9C-C6E425D580F9}.RelWithDebInfo|Win32.Build.0 = RelWithDebInfo|Win32
		{CDE0A5C3-CF97-320E-A8BF-778BC90799AF}.Debug|Win32.ActiveCfg = Debug|Win32
		{CDE0A5C3-CF97-320E-A8BF-778BC90799AF}.Debug|Win32.Build.0 = Debug|Win32
		{CDE0A5C3-CF97-320E-A8BF-778BC90799AF}.Release|Win32.ActiveCfg = Release|Win32
		{CDE0A5C3-CF97-320E-A8BF-778BC90799AF}.Release|Win32.Build.0 = Release|Win32
		{CDE0A5C3-CF97-320E-A8BF-778BC90799AF}.MinSizeRel|Win32.ActiveCfg = MinSizeRel|Win32
		{CDE0A5C3-CF97-320E-A8BF-778BC90799AF}.MinSizeRel|Win32.Build.0 = MinSizeRel|Win32
		{CDE0A5C3-CF97-320E-A8BF-778BC90799AF}.RelWithDebInfo|Win32.ActiveCfg = RelWithDebInfo|Win32
		{CDE0A5C3-CF97-320E-A8BF-778BC90799AF}.RelWithDebInfo|Win32.Build.0 = RelWithDebInfo|Win32
		{359DE48A-0BE2-3346-8E97-5A23CDFF6A6F}.Debug|Win32.ActiveCfg = Debug|Win32
		{359DE48A-0BE2-3346-8E97-5A23CDFF6A6F}.Debug|Win32.Build.0 = Debug|Win32
		{359DE48A-0BE2-3346-8E97-5A23CDFF6A6F}.Release|Win32.ActiveCfg = Release|Win32
		{359DE48A-0BE2-3346-8E97-5A23CDFF6A6F}.Release|Win32.Build.0 = Release|Win32
		{359DE48A-0BE2-3346-8E97-5A23CDFF6A6F}.MinSizeRel|Win32.ActiveCfg = MinSizeRel|Win32
		{359DE48A-0BE2-3346-8E97-5A23CDFF6A6F}.MinSizeRel|Win32.Build.0 = MinSizeRel|Win32
		{359DE48A-0BE2-3346-8E97-5A23CDFF6A6F}.RelWithDebInfo|Win32.ActiveCfg = RelWithDebInfo|Win32
		{359DE48A-0BE2-3346-8E97-5A23CDFF6A6F}.RelWithDebInfo|Win32.Build.0 = RelWithDebInfo|Win32
		{FD132FC1-5616-3B35-B060-87993EBBAD41}.Debug|Win32.ActiveCfg = Debug|Win32
		{FD132FC1-5616-3B35-B060-87993EBBAD41}.Debug|Win32.Build.0 = Debug|Win32
		{FD132FC1-5616-3B35-B060-87993EBBAD41}.Release|Win32.ActiveCfg = Release|Win32
		{FD132FC1-5616-3B35-B060-87993EBBAD41}.Release|Win32.Build.0 = Release|Win32
		{FD132FC1-5616-3B35-B060-87993EBBAD41}.MinSizeRel|Win32.ActiveCfg = MinSizeRel|Win32
		{FD132FC1-5616-3B35-B060-87993EBBAD41}.MinSizeRel|Win32.Build.0 = MinSizeRel|Win32
		{FD132FC1-5616-3B35-B060-87993EBBAD41}.RelWithDebInfo|Win32.ActiveCfg = RelWithDebInfo|Win32
		{FD132FC1-5616-3B35-B060-87993EBBAD41}.RelWithDebInfo|Win32.Build.0 = RelWithDebInfo|Win32
	EndGlobalSection
	GlobalSection(ExtensibilityGlobals) = postSolution
		SolutionGuid = {976A5755-D512-3023-B87D-1DC4C6DF139A}
	EndGlobalSection
	GlobalSection(ExtensibilityAddIns) = postSolution
	EndGlobalSection
EndGlobal
