<?xml version="1.0" encoding="UTF-8"?>
<Project ToolsVersion="14.0" xmlns="http://schemas.microsoft.com/developer/msbuild/2003">
  <ItemGroup>
    <ClCompile Include="D:\Projecten\Project_RT2D\Game_Emulator\rt2d\projects\slimshady\main.cpp">
      <Filter>Source Files</Filter>
    </ClCompile>
    <ClCompile Include="D:\Projecten\Project_RT2D\Game_Emulator\rt2d\projects\slimshady\myentity.cpp">
      <Filter>Source Files</Filter>
    </ClCompile>
    <ClCompile Include="D:\Projecten\Project_RT2D\Game_Emulator\rt2d\projects\slimshady\myscene.cpp">
      <Filter>Source Files</Filter>
    </ClCompile>
  </ItemGroup>
  <ItemGroup>
    <ClInclude Include="D:\Projecten\Project_RT2D\Game_Emulator\rt2d\projects\slimshady\myentity.h">
      <Filter>Header Files</Filter>
    </ClInclude>
    <ClInclude Include="D:\Projecten\Project_RT2D\Game_Emulator\rt2d\projects\slimshady\myscene.h">
      <Filter>Header Files</Filter>
    </ClInclude>
  </ItemGroup>
  <ItemGroup>
    <CustomBuild Include="D:\Projecten\Project_RT2D\Game_Emulator\rt2d\CMakeLists.txt" />
  </ItemGroup>
  <ItemGroup>
    <Filter Include="Source Files">
      <UniqueIdentifier>{DD971A17-C93A-3183-A084-13BB2AF3C83C}</UniqueIdentifier>
    </Filter>
    <Filter Include="Header Files">
      <UniqueIdentifier>{2CAF0508-75BB-3B33-A7C9-6AD7024C81BA}</UniqueIdentifier>
    </Filter>
  </ItemGroup>
</Project>
